// !$*UTF8*$!
{
	archiveVersion = 1;
	classes = {
	};
	objectVersion = 50;
	objects = {

/* Begin PBXBuildFile section */
		02B354B2276F10200032D615 /* SwiftAppUI.png in Resources */ = {isa = PBXBuildFile; fileRef = 02B354B1276F101F0032D615 /* SwiftAppUI.png */; };
		02D715FC276430F1002BA920 /* AppDelegate.swift in Sources */ = {isa = PBXBuildFile; fileRef = 02D715FB276430F1002BA920 /* AppDelegate.swift */; };
		02D715FE276430F1002BA920 /* SceneDelegate.swift in Sources */ = {isa = PBXBuildFile; fileRef = 02D715FD276430F1002BA920 /* SceneDelegate.swift */; };
		02D71600276430F1002BA920 /* ViewController.swift in Sources */ = {isa = PBXBuildFile; fileRef = 02D715FF276430F1002BA920 /* ViewController.swift */; };
		02D71603276430F1002BA920 /* Main.storyboard in Resources */ = {isa = PBXBuildFile; fileRef = 02D71601276430F1002BA920 /* Main.storyboard */; };
		02D71605276430F6002BA920 /* Assets.xcassets in Resources */ = {isa = PBXBuildFile; fileRef = 02D71604276430F6002BA920 /* Assets.xcassets */; };
		02D71608276430F6002BA920 /* LaunchScreen.storyboard in Resources */ = {isa = PBXBuildFile; fileRef = 02D71606276430F6002BA920 /* LaunchScreen.storyboard */; };
		02D71610276432D2002BA920 /* Recipe.swift in Sources */ = {isa = PBXBuildFile; fileRef = 02D7160F276432D2002BA920 /* Recipe.swift */; };
/* End PBXBuildFile section */

/* Begin PBXFileReference section */
		02B354B1276F101F0032D615 /* SwiftAppUI.png */ = {isa = PBXFileReference; lastKnownFileType = image.png; path = SwiftAppUI.png; sourceTree = "<group>"; };
		02D715F8276430F1002BA920 /* Swift_1210.app */ = {isa = PBXFileReference; explicitFileType = wrapper.application; includeInIndex = 0; path = Swift_1210.app; sourceTree = BUILT_PRODUCTS_DIR; };
		02D715FB276430F1002BA920 /* AppDelegate.swift */ = {isa = PBXFileReference; lastKnownFileType = sourcecode.swift; path = AppDelegate.swift; sourceTree = "<group>"; };
		02D715FD276430F1002BA920 /* SceneDelegate.swift */ = {isa = PBXFileReference; lastKnownFileType = sourcecode.swift; path = SceneDelegate.swift; sourceTree = "<group>"; };
		02D715FF276430F1002BA920 /* ViewController.swift */ = {isa = PBXFileReference; lastKnownFileType = sourcecode.swift; path = ViewController.swift; sourceTree = "<group>"; };
		02D71602276430F1002BA920 /* Base */ = {isa = PBXFileReference; lastKnownFileType = file.storyboard; name = Base; path = Base.lproj/Main.storyboard; sourceTree = "<group>"; };
		02D71604276430F6002BA920 /* Assets.xcassets */ = {isa = PBXFileReference; lastKnownFileType = folder.assetcatalog; path = Assets.xcassets; sourceTree = "<group>"; };
		02D71607276430F6002BA920 /* Base */ = {isa = PBXFileReference; lastKnownFileType = file.storyboard; name = Base; path = Base.lproj/LaunchScreen.storyboard; sourceTree = "<group>"; };
		02D71609276430F6002BA920 /* Info.plist */ = {isa = PBXFileReference; lastKnownFileType = text.plist.xml; path = Info.plist; sourceTree = "<group>"; };
		02D7160F276432D2002BA920 /* Recipe.swift */ = {isa = PBXFileReference; lastKnownFileType = sourcecode.swift; path = Recipe.swift; sourceTree = "<group>"; };
		02D7161127644239002BA920 /* README.md */ = {isa = PBXFileReference; lastKnownFileType = net.daringfireball.markdown; path = README.md; sourceTree = "<group>"; };
/* End PBXFileReference section */

/* Begin PBXFrameworksBuildPhase section */
		02D715F5276430F1002BA920 /* Frameworks */ = {
			isa = PBXFrameworksBuildPhase;
			buildActionMask = 2147483647;
			files = (
			);
			runOnlyForDeploymentPostprocessing = 0;
		};
/* End PBXFrameworksBuildPhase section */

/* Begin PBXGroup section */
		02D715EF276430F1002BA920 = {
			isa = PBXGroup;
			children = (
				02D715FA276430F1002BA920 /* Swift_1210 */,
				02D715F9276430F1002BA920 /* Products */,
			);
			sourceTree = "<group>";
		};
		02D715F9276430F1002BA920 /* Products */ = {
			isa = PBXGroup;
			children = (
				02D715F8276430F1002BA920 /* Swift_1210.app */,
			);
			name = Products;
			sourceTree = "<group>";
		};
		02D715FA276430F1002BA920 /* Swift_1210 */ = {
			isa = PBXGroup;
			children = (
				02B354B1276F101F0032D615 /* SwiftAppUI.png */,
				02D715FB276430F1002BA920 /* AppDelegate.swift */,
				02D715FD276430F1002BA920 /* SceneDelegate.swift */,
				02D7160F276432D2002BA920 /* Recipe.swift */,
				02D715FF276430F1002BA920 /* ViewController.swift */,
				02D71601276430F1002BA920 /* Main.storyboard */,
				02D71604276430F6002BA920 /* Assets.xcassets */,
				02D71606276430F6002BA920 /* LaunchScreen.storyboard */,
				02D71609276430F6002BA920 /* Info.plist */,
				02D7161127644239002BA920 /* README.md */,
			);
			path = Swift_1210;
			sourceTree = "<group>";
		};
/* End PBXGroup section */

/* Begin PBXNativeTarget section */
		02D715F7276430F1002BA920 /* Swift_1210 */ = {
			isa = PBXNativeTarget;
			buildConfigurationList = 02D7160C276430F6002BA920 /* Build configuration list for PBXNativeTarget "Swift_1210" */;
			buildPhases = (
				02D715F4276430F1002BA920 /* Sources */,
				02D715F5276430F1002BA920 /* Frameworks */,
				02D715F6276430F1002BA920 /* Resources */,
			);
			buildRules = (
			);
			dependencies = (
			);
			name = Swift_1210;
			productName = Swift_1210;
			productReference = 02D715F8276430F1002BA920 /* Swift_1210.app */;
			productType = "com.apple.product-type.application";
		};
/* End PBXNativeTarget section */

/* Begin PBXProject section */
		02D715F0276430F1002BA920 /* Project object */ = {
			isa = PBXProject;
			attributes = {
				LastSwiftUpdateCheck = 1160;
				LastUpgradeCheck = 1160;
				ORGANIZATIONNAME = eric;
				TargetAttributes = {
					02D715F7276430F1002BA920 = {
						CreatedOnToolsVersion = 11.6;
					};
				};
			};
			buildConfigurationList = 02D715F3276430F1002BA920 /* Build configuration list for PBXProject "Swift_1210" */;
			compatibilityVersion = "Xcode 9.3";
			developmentRegion = en;
			hasScannedForEncodings = 0;
			knownRegions = (
				en,
				Base,
			);
			mainGroup = 02D715EF276430F1002BA920;
			productRefGroup = 02D715F9276430F1002BA920 /* Products */;
			projectDirPath = "";
			projectRoot = "";
			targets = (
				02D715F7276430F1002BA920 /* Swift_1210 */,
			);
		};
/* End PBXProject section */

/* Begin PBXResourcesBuildPhase section */
		02D715F6276430F1002BA920 /* Resources */ = {
			isa = PBXResourcesBuildPhase;
			buildActionMask = 2147483647;
			files = (
				02D71608276430F6002BA920 /* LaunchScreen.storyboard in Resources */,
				02B354B2276F10200032D615 /* SwiftAppUI.png in Resources */,
				02D71605276430F6002BA920 /* Assets.xcassets in Resources */,
				02D71603276430F1002BA920 /* Main.storyboard in Resources */,
			);
			runOnlyForDeploymentPostprocessing = 0;
		};
/* End PBXResourcesBuildPhase section */

/* Begin PBXSourcesBuildPhase section */
		02D715F4276430F1002BA920 /* Sources */ = {
			isa = PBXSourcesBuildPhase;
			buildActionMask = 2147483647;
			files = (
				02D71600276430F1002BA920 /* ViewController.swift in Sources */,
				02D715FC276430F1002BA920 /* AppDelegate.swift in Sources */,
				02D715FE276430F1002BA920 /* SceneDelegate.swift in Sources */,
				02D71610276432D2002BA920 /* Recipe.swift in Sources */,
			);
			runOnlyForDeploymentPostprocessing = 0;
		};
/* End PBXSourcesBuildPhase section */

/* Begin PBXVariantGroup section */
		02D71601276430F1002BA920 /* Main.storyboard */ = {
			isa = PBXVariantGroup;
			children = (
				02D71602276430F1002BA920 /* Base */,
			);
			name = Main.storyboard;
			sourceTree = "<group>";
		};
		02D71606276430F6002BA920 /* LaunchScreen.storyboard */ = {
			isa = PBXVariantGroup;
			children = (
				02D71607276430F6002BA920 /* Base */,
			);
			name = LaunchScreen.storyboard;
			sourceTree = "<group>";
		};
/* End PBXVariantGroup section */

/* Begin XCBuildConfiguration section */
		02D7160A276430F6002BA920 /* Debug */ = {
			isa = XCBuildConfiguration;
			buildSettings = {
				ALWAYS_SEARCH_USER_PATHS = NO;
				CLANG_ANALYZER_NONNULL = YES;
				CLANG_ANALYZER_NUMBER_OBJECT_CONVERSION = YES_AGGRESSIVE;
				CLANG_CXX_LANGUAGE_STANDARD = "gnu++14";
				CLANG_CXX_LIBRARY = "libc++";
				CLANG_ENABLE_MODULES = YES;
				CLANG_ENABLE_OBJC_ARC = YES;
				CLANG_ENABLE_OBJC_WEAK = YES;
				CLANG_WARN_BLOCK_CAPTURE_AUTORELEASING = YES;
				CLANG_WARN_BOOL_CONVERSION = YES;
				CLANG_WARN_COMMA = YES;
				CLANG_WARN_CONSTANT_CONVERSION = YES;
				CLANG_WARN_DEPRECATED_OBJC_IMPLEMENTATIONS = YES;
				CLANG_WARN_DIRECT_OBJC_ISA_USAGE = YES_ERROR;
				CLANG_WARN_DOCUMENTATION_COMMENTS = YES;
				CLANG_WARN_EMPTY_BODY = YES;
				CLANG_WARN_ENUM_CONVERSION = YES;
				CLANG_WARN_INFINITE_RECURSION = YES;
				CLANG_WARN_INT_CONVERSION = YES;
				CLANG_WARN_NON_LITERAL_NULL_CONVERSION = YES;
				CLANG_WARN_OBJC_IMPLICIT_RETAIN_SELF = YES;
				CLANG_WARN_OBJC_LITERAL_CONVERSION = YES;
				CLANG_WARN_OBJC_ROOT_CLASS = YES_ERROR;
				CLANG_WARN_RANGE_LOOP_ANALYSIS = YES;
				CLANG_WARN_STRICT_PROTOTYPES = YES;
				CLANG_WARN_SUSPICIOUS_MOVE = YES;
				CLANG_WARN_UNGUARDED_AVAILABILITY = YES_AGGRESSIVE;
				CLANG_WARN_UNREACHABLE_CODE = YES;
				CLANG_WARN__DUPLICATE_METHOD_MATCH = YES;
				COPY_PHASE_STRIP = NO;
				DEBUG_INFORMATION_FORMAT = dwarf;
				ENABLE_STRICT_OBJC_MSGSEND = YES;
				ENABLE_TESTABILITY = YES;
				GCC_C_LANGUAGE_STANDARD = gnu11;
				GCC_DYNAMIC_NO_PIC = NO;
				GCC_NO_COMMON_BLOCKS = YES;
				GCC_OPTIMIZATION_LEVEL = 0;
				GCC_PREPROCESSOR_DEFINITIONS = (
					"DEBUG=1",
					"$(inherited)",
				);
				GCC_WARN_64_TO_32_BIT_CONVERSION = YES;
				GCC_WARN_ABOUT_RETURN_TYPE = YES_ERROR;
				GCC_WARN_UNDECLARED_SELECTOR = YES;
				GCC_WARN_UNINITIALIZED_AUTOS = YES_AGGRESSIVE;
				GCC_WARN_UNUSED_FUNCTION = YES;
				GCC_WARN_UNUSED_VARIABLE = YES;
				IPHONEOS_DEPLOYMENT_TARGET = 13.6;
				MTL_ENABLE_DEBUG_INFO = INCLUDE_SOURCE;
				MTL_FAST_MATH = YES;
				ONLY_ACTIVE_ARCH = YES;
				SDKROOT = iphoneos;
				SWIFT_ACTIVE_COMPILATION_CONDITIONS = DEBUG;
				SWIFT_OPTIMIZATION_LEVEL = "-Onone";
			};
			name = Debug;
		};
		02D7160B276430F6002BA920 /* Release */ = {
			isa = XCBuildConfiguration;
			buildSettings = {
				ALWAYS_SEARCH_USER_PATHS = NO;
				CLANG_ANALYZER_NONNULL = YES;
				CLANG_ANALYZER_NUMBER_OBJECT_CONVERSION = YES_AGGRESSIVE;
				CLANG_CXX_LANGUAGE_STANDARD = "gnu++14";
				CLANG_CXX_LIBRARY = "libc++";
				CLANG_ENABLE_MODULES = YES;
				CLANG_ENABLE_OBJC_ARC = YES;
				CLANG_ENABLE_OBJC_WEAK = YES;
				CLANG_WARN_BLOCK_CAPTURE_AUTORELEASING = YES;
				CLANG_WARN_BOOL_CONVERSION = YES;
				CLANG_WARN_COMMA = YES;
				CLANG_WARN_CONSTANT_CONVERSION = YES;
				CLANG_WARN_DEPRECATED_OBJC_IMPLEMENTATIONS = YES;
				CLANG_WARN_DIRECT_OBJC_ISA_USAGE = YES_ERROR;
				CLANG_WARN_DOCUMENTATION_COMMENTS = YES;
				CLANG_WARN_EMPTY_BODY = YES;
				CLANG_WARN_ENUM_CONVERSION = YES;
				CLANG_WARN_INFINITE_RECURSION = YES;
				CLANG_WARN_INT_CONVERSION = YES;
				CLANG_WARN_NON_LITERAL_NULL_CONVERSION = YES;
				CLANG_WARN_OBJC_IMPLICIT_RETAIN_SELF = YES;
				CLANG_WARN_OBJC_LITERAL_CONVERSION = YES;
				CLANG_WARN_OBJC_ROOT_CLASS = YES_ERROR;
				CLANG_WARN_RANGE_LOOP_ANALYSIS = YES;
				CLANG_WARN_STRICT_PROTOTYPES = YES;
				CLANG_WARN_SUSPICIOUS_MOVE = YES;
				CLANG_WARN_UNGUARDED_AVAILABILITY = YES_AGGRESSIVE;
				CLANG_WARN_UNREACHABLE_CODE = YES;
				CLANG_WARN__DUPLICATE_METHOD_MATCH = YES;
				COPY_PHASE_STRIP = NO;
				DEBUG_INFORMATION_FORMAT = "dwarf-with-dsym";
				ENABLE_NS_ASSERTIONS = NO;
				ENABLE_STRICT_OBJC_MSGSEND = YES;
				GCC_C_LANGUAGE_STANDARD = gnu11;
				GCC_NO_COMMON_BLOCKS = YES;
				GCC_WARN_64_TO_32_BIT_CONVERSION = YES;
				GCC_WARN_ABOUT_RETURN_TYPE = YES_ERROR;
				GCC_WARN_UNDECLARED_SELECTOR = YES;
				GCC_WARN_UNINITIALIZED_AUTOS = YES_AGGRESSIVE;
				GCC_WARN_UNUSED_FUNCTION = YES;
				GCC_WARN_UNUSED_VARIABLE = YES;
				IPHONEOS_DEPLOYMENT_TARGET = 13.6;
				MTL_ENABLE_DEBUG_INFO = NO;
				MTL_FAST_MATH = YES;
				SDKROOT = iphoneos;
				SWIFT_COMPILATION_MODE = wholemodule;
				SWIFT_OPTIMIZATION_LEVEL = "-O";
				VALIDATE_PRODUCT = YES;
			};
			name = Release;
		};
		02D7160D276430F6002BA920 /* Debug */ = {
			isa = XCBuildConfiguration;
			buildSettings = {
				ASSETCATALOG_COMPILER_APPICON_NAME = AppIcon;
				CODE_SIGN_STYLE = Automatic;
				INFOPLIST_FILE = Swift_1210/Info.plist;
				LD_RUNPATH_SEARCH_PATHS = (
					"$(inherited)",
					"@executable_path/Frameworks",
				);
				PRODUCT_BUNDLE_IDENTIFIER = "org.test.Swift-1210";
				PRODUCT_NAME = "$(TARGET_NAME)";
				SWIFT_VERSION = 5.0;
				TARGETED_DEVICE_FAMILY = "1,2";
			};
			name = Debug;
		};
		02D7160E276430F6002BA920 /* Release */ = {
			isa = XCBuildConfiguration;
			buildSettings = {
				ASSETCATALOG_COMPILER_APPICON_NAME = AppIcon;
				CODE_SIGN_STYLE = Automatic;
				INFOPLIST_FILE = Swift_1210/Info.plist;
				LD_RUNPATH_SEARCH_PATHS = (
					"$(inherited)",
					"@executable_path/Frameworks",
				);
				PRODUCT_BUNDLE_IDENTIFIER = "org.test.Swift-1210";
				PRODUCT_NAME = "$(TARGET_NAME)";
				SWIFT_VERSION = 5.0;
				TARGETED_DEVICE_FAMILY = "1,2";
			};
			name = Release;
		};
/* End XCBuildConfiguration section */

/* Begin XCConfigurationList section */
		02D715F3276430F1002BA920 /* Build configuration list for PBXProject "Swift_1210" */ = {
			isa = XCConfigurationList;
			buildConfigurations = (
				02D7160A276430F6002BA920 /* Debug */,
				02D7160B276430F6002BA920 /* Release */,
			);
			defaultConfigurationIsVisible = 0;
			defaultConfigurationName = Release;
		};
		02D7160C276430F6002BA920 /* Build configuration list for PBXNativeTarget "Swift_1210" */ = {
			isa = XCConfigurationList;
			buildConfigurations = (
				02D7160D276430F6002BA920 /* Debug */,
				02D7160E276430F6002BA920 /* Release */,
			);
			defaultConfigurationIsVisible = 0;
			defaultConfigurationName = Release;
		};
/* End XCConfigurationList section */
	};
	rootObject = 02D715F0276430F1002BA920 /* Project object */;
}
